// !$*UTF8*$!
{
	archiveVersion = 1;
	classes = {
	};
	objectVersion = 55;
	objects = {

/* Begin PBXBuildFile section */
		AD2D7E6328CF6E390022CA17 /* AppDelegate.swift in Sources */ = {isa = PBXBuildFile; fileRef = AD2D7E6228CF6E390022CA17 /* AppDelegate.swift */; };
		AD2D7E6C28CF6E3B0022CA17 /* Assets.xcassets in Resources */ = {isa = PBXBuildFile; fileRef = AD2D7E6B28CF6E3B0022CA17 /* Assets.xcassets */; };
		AD2D7E6F28CF6E3B0022CA17 /* LaunchScreen.storyboard in Resources */ = {isa = PBXBuildFile; fileRef = AD2D7E6D28CF6E3B0022CA17 /* LaunchScreen.storyboard */; };
		AD2D7E7B28CF706F0022CA17 /* MainViewController.swift in Sources */ = {isa = PBXBuildFile; fileRef = AD2D7E7928CF706F0022CA17 /* MainViewController.swift */; };
		AD2D7E7C28CF706F0022CA17 /* MainViewController.xib in Resources */ = {isa = PBXBuildFile; fileRef = AD2D7E7A28CF706F0022CA17 /* MainViewController.xib */; };
		AD2D7E8528CF7AAE0022CA17 /* ActionCollectionViewCell.swift in Sources */ = {isa = PBXBuildFile; fileRef = AD2D7E8328CF7AAE0022CA17 /* ActionCollectionViewCell.swift */; };
		AD2D7E8628CF7AAE0022CA17 /* ActionCollectionViewCell.xib in Resources */ = {isa = PBXBuildFile; fileRef = AD2D7E8428CF7AAE0022CA17 /* ActionCollectionViewCell.xib */; };
		AD2D7E8A28CF7F070022CA17 /* LastOperationTableViewCell.swift in Sources */ = {isa = PBXBuildFile; fileRef = AD2D7E8828CF7F070022CA17 /* LastOperationTableViewCell.swift */; };
		AD2D7E8B28CF7F070022CA17 /* LastOperationTableViewCell.xib in Resources */ = {isa = PBXBuildFile; fileRef = AD2D7E8928CF7F070022CA17 /* LastOperationTableViewCell.xib */; };
		AD2D7E8F28CF9E360022CA17 /* Colors.swift in Sources */ = {isa = PBXBuildFile; fileRef = AD2D7E8E28CF9E360022CA17 /* Colors.swift */; };
		AD2D7E9128CFA33D0022CA17 /* Icons.swift in Sources */ = {isa = PBXBuildFile; fileRef = AD2D7E9028CFA33D0022CA17 /* Icons.swift */; };
		AD2D7E9F28D0A1F20022CA17 /* DitailViewController.swift in Sources */ = {isa = PBXBuildFile; fileRef = AD2D7E9D28D0A1F20022CA17 /* DitailViewController.swift */; };
		AD2D7EA028D0A1F20022CA17 /* DitailViewController.xib in Resources */ = {isa = PBXBuildFile; fileRef = AD2D7E9E28D0A1F20022CA17 /* DitailViewController.xib */; };
		AD2D7EA328D0AD0D0022CA17 /* DitailTitleTableViewCell.swift in Sources */ = {isa = PBXBuildFile; fileRef = AD2D7EA128D0AD0D0022CA17 /* DitailTitleTableViewCell.swift */; };
		AD2D7EA428D0AD0D0022CA17 /* DitailTitleTableViewCell.xib in Resources */ = {isa = PBXBuildFile; fileRef = AD2D7EA228D0AD0D0022CA17 /* DitailTitleTableViewCell.xib */; };
/* End PBXBuildFile section */

/* Begin PBXFileReference section */
		AD2D7E5F28CF6E390022CA17 /* MyFinance.app */ = {isa = PBXFileReference; explicitFileType = wrapper.application; includeInIndex = 0; path = MyFinance.app; sourceTree = BUILT_PRODUCTS_DIR; };
		AD2D7E6228CF6E390022CA17 /* AppDelegate.swift */ = {isa = PBXFileReference; lastKnownFileType = sourcecode.swift; path = AppDelegate.swift; sourceTree = "<group>"; };
		AD2D7E6B28CF6E3B0022CA17 /* Assets.xcassets */ = {isa = PBXFileReference; lastKnownFileType = folder.assetcatalog; path = Assets.xcassets; sourceTree = "<group>"; };
		AD2D7E6E28CF6E3B0022CA17 /* Base */ = {isa = PBXFileReference; lastKnownFileType = file.storyboard; name = Base; path = Base.lproj/LaunchScreen.storyboard; sourceTree = "<group>"; };
		AD2D7E7028CF6E3B0022CA17 /* Info.plist */ = {isa = PBXFileReference; lastKnownFileType = text.plist.xml; path = Info.plist; sourceTree = "<group>"; };
		AD2D7E7928CF706F0022CA17 /* MainViewController.swift */ = {isa = PBXFileReference; lastKnownFileType = sourcecode.swift; path = MainViewController.swift; sourceTree = "<group>"; };
		AD2D7E7A28CF706F0022CA17 /* MainViewController.xib */ = {isa = PBXFileReference; lastKnownFileType = file.xib; path = MainViewController.xib; sourceTree = "<group>"; };
		AD2D7E8328CF7AAE0022CA17 /* ActionCollectionViewCell.swift */ = {isa = PBXFileReference; lastKnownFileType = sourcecode.swift; path = ActionCollectionViewCell.swift; sourceTree = "<group>"; };
		AD2D7E8428CF7AAE0022CA17 /* ActionCollectionViewCell.xib */ = {isa = PBXFileReference; lastKnownFileType = file.xib; path = ActionCollectionViewCell.xib; sourceTree = "<group>"; };
		AD2D7E8828CF7F070022CA17 /* LastOperationTableViewCell.swift */ = {isa = PBXFileReference; lastKnownFileType = sourcecode.swift; path = LastOperationTableViewCell.swift; sourceTree = "<group>"; };
		AD2D7E8928CF7F070022CA17 /* LastOperationTableViewCell.xib */ = {isa = PBXFileReference; lastKnownFileType = file.xib; path = LastOperationTableViewCell.xib; sourceTree = "<group>"; };
		AD2D7E8E28CF9E360022CA17 /* Colors.swift */ = {isa = PBXFileReference; lastKnownFileType = sourcecode.swift; path = Colors.swift; sourceTree = "<group>"; };
		AD2D7E9028CFA33D0022CA17 /* Icons.swift */ = {isa = PBXFileReference; lastKnownFileType = sourcecode.swift; path = Icons.swift; sourceTree = "<group>"; };
		AD2D7E9D28D0A1F20022CA17 /* DitailViewController.swift */ = {isa = PBXFileReference; lastKnownFileType = sourcecode.swift; path = DitailViewController.swift; sourceTree = "<group>"; };
		AD2D7E9E28D0A1F20022CA17 /* DitailViewController.xib */ = {isa = PBXFileReference; lastKnownFileType = file.xib; path = DitailViewController.xib; sourceTree = "<group>"; };
		AD2D7EA128D0AD0D0022CA17 /* DitailTitleTableViewCell.swift */ = {isa = PBXFileReference; lastKnownFileType = sourcecode.swift; path = DitailTitleTableViewCell.swift; sourceTree = "<group>"; };
		AD2D7EA228D0AD0D0022CA17 /* DitailTitleTableViewCell.xib */ = {isa = PBXFileReference; lastKnownFileType = file.xib; path = DitailTitleTableViewCell.xib; sourceTree = "<group>"; };
/* End PBXFileReference section */

/* Begin PBXFrameworksBuildPhase section */
		AD2D7E5C28CF6E390022CA17 /* Frameworks */ = {
			isa = PBXFrameworksBuildPhase;
			buildActionMask = 2147483647;
			files = (
			);
			runOnlyForDeploymentPostprocessing = 0;
		};
/* End PBXFrameworksBuildPhase section */

/* Begin PBXGroup section */
		AD2D7E5628CF6E390022CA17 = {
			isa = PBXGroup;
			children = (
				AD2D7E6128CF6E390022CA17 /* MyFinance */,
				AD2D7E6028CF6E390022CA17 /* Products */,
			);
			sourceTree = "<group>";
		};
		AD2D7E6028CF6E390022CA17 /* Products */ = {
			isa = PBXGroup;
			children = (
				AD2D7E5F28CF6E390022CA17 /* MyFinance.app */,
			);
			name = Products;
			sourceTree = "<group>";
		};
		AD2D7E6128CF6E390022CA17 /* MyFinance */ = {
			isa = PBXGroup;
			children = (
				AD2D7E7728CF6F9B0022CA17 /* MainFlow */,
				AD2D7E7628CF6F830022CA17 /* Appearance */,
				AD2D7E6228CF6E390022CA17 /* AppDelegate.swift */,
			);
			path = MyFinance;
			sourceTree = "<group>";
		};
		AD2D7E7628CF6F830022CA17 /* Appearance */ = {
			isa = PBXGroup;
			children = (
				AD2D7E6D28CF6E3B0022CA17 /* LaunchScreen.storyboard */,
				AD2D7E7028CF6E3B0022CA17 /* Info.plist */,
				AD2D7E6B28CF6E3B0022CA17 /* Assets.xcassets */,
			);
			path = Appearance;
			sourceTree = "<group>";
		};
		AD2D7E7728CF6F9B0022CA17 /* MainFlow */ = {
			isa = PBXGroup;
			children = (
				AD2D7E8C28CF9E130022CA17 /* Constants */,
				AD2D7E7828CF6FD10022CA17 /* ManeModule */,
				AD2D7E9228D0969E0022CA17 /* DitailModule */,
			);
			path = MainFlow;
			sourceTree = "<group>";
		};
		AD2D7E7828CF6FD10022CA17 /* ManeModule */ = {
			isa = PBXGroup;
			children = (
				AD2D7E7D28CF79F70022CA17 /* Cells */,
				AD2D7E7928CF706F0022CA17 /* MainViewController.swift */,
				AD2D7E7A28CF706F0022CA17 /* MainViewController.xib */,
			);
			path = ManeModule;
			sourceTree = "<group>";
		};
		AD2D7E7D28CF79F70022CA17 /* Cells */ = {
			isa = PBXGroup;
			children = (
				AD2D7E8728CF7E890022CA17 /* lastOperationTableViewCell */,
				AD2D7E8028CF7A740022CA17 /* ActionCell */,
			);
			path = Cells;
			sourceTree = "<group>";
		};
		AD2D7E8028CF7A740022CA17 /* ActionCell */ = {
			isa = PBXGroup;
			children = (
				AD2D7E8328CF7AAE0022CA17 /* ActionCollectionViewCell.swift */,
				AD2D7E8428CF7AAE0022CA17 /* ActionCollectionViewCell.xib */,
			);
			path = ActionCell;
			sourceTree = "<group>";
		};
		AD2D7E8728CF7E890022CA17 /* lastOperationTableViewCell */ = {
			isa = PBXGroup;
			children = (
				AD2D7E8828CF7F070022CA17 /* LastOperationTableViewCell.swift */,
				AD2D7E8928CF7F070022CA17 /* LastOperationTableViewCell.xib */,
			);
			path = lastOperationTableViewCell;
			sourceTree = "<group>";
		};
		AD2D7E8C28CF9E130022CA17 /* Constants */ = {
			isa = PBXGroup;
			children = (
				AD2D7E8E28CF9E360022CA17 /* Colors.swift */,
				AD2D7E9028CFA33D0022CA17 /* Icons.swift */,
			);
			path = Constants;
			sourceTree = "<group>";
		};
		AD2D7E9228D0969E0022CA17 /* DitailModule */ = {
			isa = PBXGroup;
			children = (
				AD2D7E9728D098890022CA17 /* Cells */,
				AD2D7E9D28D0A1F20022CA17 /* DitailViewController.swift */,
				AD2D7E9E28D0A1F20022CA17 /* DitailViewController.xib */,
			);
			path = DitailModule;
			sourceTree = "<group>";
		};
		AD2D7E9728D098890022CA17 /* Cells */ = {
			isa = PBXGroup;
			children = (
				AD2D7E9828D098BF0022CA17 /* TitleCell */,
			);
			path = Cells;
			sourceTree = "<group>";
		};
		AD2D7E9828D098BF0022CA17 /* TitleCell */ = {
			isa = PBXGroup;
			children = (
				AD2D7EA128D0AD0D0022CA17 /* DitailTitleTableViewCell.swift */,
				AD2D7EA228D0AD0D0022CA17 /* DitailTitleTableViewCell.xib */,
			);
			path = TitleCell;
			sourceTree = "<group>";
		};
/* End PBXGroup section */

/* Begin PBXNativeTarget section */
		AD2D7E5E28CF6E390022CA17 /* MyFinance */ = {
			isa = PBXNativeTarget;
			buildConfigurationList = AD2D7E7328CF6E3B0022CA17 /* Build configuration list for PBXNativeTarget "MyFinance" */;
			buildPhases = (
				AD2D7E5B28CF6E390022CA17 /* Sources */,
				AD2D7E5C28CF6E390022CA17 /* Frameworks */,
				AD2D7E5D28CF6E390022CA17 /* Resources */,
			);
			buildRules = (
			);
			dependencies = (
			);
			name = MyFinance;
			productName = MyFinance;
			productReference = AD2D7E5F28CF6E390022CA17 /* MyFinance.app */;
			productType = "com.apple.product-type.application";
		};
/* End PBXNativeTarget section */

/* Begin PBXProject section */
		AD2D7E5728CF6E390022CA17 /* Project object */ = {
			isa = PBXProject;
			attributes = {
				BuildIndependentTargetsInParallel = 1;
				LastSwiftUpdateCheck = 1340;
				LastUpgradeCheck = 1340;
				TargetAttributes = {
					AD2D7E5E28CF6E390022CA17 = {
						CreatedOnToolsVersion = 13.4.1;
					};
				};
			};
			buildConfigurationList = AD2D7E5A28CF6E390022CA17 /* Build configuration list for PBXProject "MyFinance" */;
			compatibilityVersion = "Xcode 13.0";
			developmentRegion = en;
			hasScannedForEncodings = 0;
			knownRegions = (
				en,
				Base,
			);
			mainGroup = AD2D7E5628CF6E390022CA17;
			productRefGroup = AD2D7E6028CF6E390022CA17 /* Products */;
			projectDirPath = "";
			projectRoot = "";
			targets = (
				AD2D7E5E28CF6E390022CA17 /* MyFinance */,
			);
		};
/* End PBXProject section */

/* Begin PBXResourcesBuildPhase section */
		AD2D7E5D28CF6E390022CA17 /* Resources */ = {
			isa = PBXResourcesBuildPhase;
			buildActionMask = 2147483647;
			files = (
				AD2D7E6F28CF6E3B0022CA17 /* LaunchScreen.storyboard in Resources */,
				AD2D7EA028D0A1F20022CA17 /* DitailViewController.xib in Resources */,
				AD2D7E8B28CF7F070022CA17 /* LastOperationTableViewCell.xib in Resources */,
				AD2D7E7C28CF706F0022CA17 /* MainViewController.xib in Resources */,
				AD2D7E8628CF7AAE0022CA17 /* ActionCollectionViewCell.xib in Resources */,
				AD2D7EA428D0AD0D0022CA17 /* DitailTitleTableViewCell.xib in Resources */,
				AD2D7E6C28CF6E3B0022CA17 /* Assets.xcassets in Resources */,
			);
			runOnlyForDeploymentPostprocessing = 0;
		};
/* End PBXResourcesBuildPhase section */

/* Begin PBXSourcesBuildPhase section */
		AD2D7E5B28CF6E390022CA17 /* Sources */ = {
			isa = PBXSourcesBuildPhase;
			buildActionMask = 2147483647;
			files = (
				AD2D7E6328CF6E390022CA17 /* AppDelegate.swift in Sources */,
				AD2D7E8F28CF9E360022CA17 /* Colors.swift in Sources */,
				AD2D7E9128CFA33D0022CA17 /* Icons.swift in Sources */,
				AD2D7E9F28D0A1F20022CA17 /* DitailViewController.swift in Sources */,
				AD2D7E8528CF7AAE0022CA17 /* ActionCollectionViewCell.swift in Sources */,
				AD2D7EA328D0AD0D0022CA17 /* DitailTitleTableViewCell.swift in Sources */,
				AD2D7E8A28CF7F070022CA17 /* LastOperationTableViewCell.swift in Sources */,
				AD2D7E7B28CF706F0022CA17 /* MainViewController.swift in Sources */,
			);
			runOnlyForDeploymentPostprocessing = 0;
		};
/* End PBXSourcesBuildPhase section */

/* Begin PBXVariantGroup section */
		AD2D7E6D28CF6E3B0022CA17 /* LaunchScreen.storyboard */ = {
			isa = PBXVariantGroup;
			children = (
				AD2D7E6E28CF6E3B0022CA17 /* Base */,
			);
			name = LaunchScreen.storyboard;
			sourceTree = "<group>";
		};
/* End PBXVariantGroup section */

/* Begin XCBuildConfiguration section */
		AD2D7E7128CF6E3B0022CA17 /* Debug */ = {
			isa = XCBuildConfiguration;
			buildSettings = {
				ALWAYS_SEARCH_USER_PATHS = NO;
				CLANG_ANALYZER_NONNULL = YES;
				CLANG_ANALYZER_NUMBER_OBJECT_CONVERSION = YES_AGGRESSIVE;
				CLANG_CXX_LANGUAGE_STANDARD = "gnu++17";
				CLANG_ENABLE_MODULES = YES;
				CLANG_ENABLE_OBJC_ARC = YES;
				CLANG_ENABLE_OBJC_WEAK = YES;
				CLANG_WARN_BLOCK_CAPTURE_AUTORELEASING = YES;
				CLANG_WARN_BOOL_CONVERSION = YES;
				CLANG_WARN_COMMA = YES;
				CLANG_WARN_CONSTANT_CONVERSION = YES;
				CLANG_WARN_DEPRECATED_OBJC_IMPLEMENTATIONS = YES;
				CLANG_WARN_DIRECT_OBJC_ISA_USAGE = YES_ERROR;
				CLANG_WARN_DOCUMENTATION_COMMENTS = YES;
				CLANG_WARN_EMPTY_BODY = YES;
				CLANG_WARN_ENUM_CONVERSION = YES;
				CLANG_WARN_INFINITE_RECURSION = YES;
				CLANG_WARN_INT_CONVERSION = YES;
				CLANG_WARN_NON_LITERAL_NULL_CONVERSION = YES;
				CLANG_WARN_OBJC_IMPLICIT_RETAIN_SELF = YES;
				CLANG_WARN_OBJC_LITERAL_CONVERSION = YES;
				CLANG_WARN_OBJC_ROOT_CLASS = YES_ERROR;
				CLANG_WARN_QUOTED_INCLUDE_IN_FRAMEWORK_HEADER = YES;
				CLANG_WARN_RANGE_LOOP_ANALYSIS = YES;
				CLANG_WARN_STRICT_PROTOTYPES = YES;
				CLANG_WARN_SUSPICIOUS_MOVE = YES;
				CLANG_WARN_UNGUARDED_AVAILABILITY = YES_AGGRESSIVE;
				CLANG_WARN_UNREACHABLE_CODE = YES;
				CLANG_WARN__DUPLICATE_METHOD_MATCH = YES;
				COPY_PHASE_STRIP = NO;
				DEBUG_INFORMATION_FORMAT = dwarf;
				ENABLE_STRICT_OBJC_MSGSEND = YES;
				ENABLE_TESTABILITY = YES;
				GCC_C_LANGUAGE_STANDARD = gnu11;
				GCC_DYNAMIC_NO_PIC = NO;
				GCC_NO_COMMON_BLOCKS = YES;
				GCC_OPTIMIZATION_LEVEL = 0;
				GCC_PREPROCESSOR_DEFINITIONS = (
					"DEBUG=1",
					"$(inherited)",
				);
				GCC_WARN_64_TO_32_BIT_CONVERSION = YES;
				GCC_WARN_ABOUT_RETURN_TYPE = YES_ERROR;
				GCC_WARN_UNDECLARED_SELECTOR = YES;
				GCC_WARN_UNINITIALIZED_AUTOS = YES_AGGRESSIVE;
				GCC_WARN_UNUSED_FUNCTION = YES;
				GCC_WARN_UNUSED_VARIABLE = YES;
				IPHONEOS_DEPLOYMENT_TARGET = 15.5;
				MTL_ENABLE_DEBUG_INFO = INCLUDE_SOURCE;
				MTL_FAST_MATH = YES;
				ONLY_ACTIVE_ARCH = YES;
				SDKROOT = iphoneos;
				SWIFT_ACTIVE_COMPILATION_CONDITIONS = DEBUG;
				SWIFT_OPTIMIZATION_LEVEL = "-Onone";
			};
			name = Debug;
		};
		AD2D7E7228CF6E3B0022CA17 /* Release */ = {
			isa = XCBuildConfiguration;
			buildSettings = {
				ALWAYS_SEARCH_USER_PATHS = NO;
				CLANG_ANALYZER_NONNULL = YES;
				CLANG_ANALYZER_NUMBER_OBJECT_CONVERSION = YES_AGGRESSIVE;
				CLANG_CXX_LANGUAGE_STANDARD = "gnu++17";
				CLANG_ENABLE_MODULES = YES;
				CLANG_ENABLE_OBJC_ARC = YES;
				CLANG_ENABLE_OBJC_WEAK = YES;
				CLANG_WARN_BLOCK_CAPTURE_AUTORELEASING = YES;
				CLANG_WARN_BOOL_CONVERSION = YES;
				CLANG_WARN_COMMA = YES;
				CLANG_WARN_CONSTANT_CONVERSION = YES;
				CLANG_WARN_DEPRECATED_OBJC_IMPLEMENTATIONS = YES;
				CLANG_WARN_DIRECT_OBJC_ISA_USAGE = YES_ERROR;
				CLANG_WARN_DOCUMENTATION_COMMENTS = YES;
				CLANG_WARN_EMPTY_BODY = YES;
				CLANG_WARN_ENUM_CONVERSION = YES;
				CLANG_WARN_INFINITE_RECURSION = YES;
				CLANG_WARN_INT_CONVERSION = YES;
				CLANG_WARN_NON_LITERAL_NULL_CONVERSION = YES;
				CLANG_WARN_OBJC_IMPLICIT_RETAIN_SELF = YES;
				CLANG_WARN_OBJC_LITERAL_CONVERSION = YES;
				CLANG_WARN_OBJC_ROOT_CLASS = YES_ERROR;
				CLANG_WARN_QUOTED_INCLUDE_IN_FRAMEWORK_HEADER = YES;
				CLANG_WARN_RANGE_LOOP_ANALYSIS = YES;
				CLANG_WARN_STRICT_PROTOTYPES = YES;
				CLANG_WARN_SUSPICIOUS_MOVE = YES;
				CLANG_WARN_UNGUARDED_AVAILABILITY = YES_AGGRESSIVE;
				CLANG_WARN_UNREACHABLE_CODE = YES;
				CLANG_WARN__DUPLICATE_METHOD_MATCH = YES;
				COPY_PHASE_STRIP = NO;
				DEBUG_INFORMATION_FORMAT = "dwarf-with-dsym";
				ENABLE_NS_ASSERTIONS = NO;
				ENABLE_STRICT_OBJC_MSGSEND = YES;
				GCC_C_LANGUAGE_STANDARD = gnu11;
				GCC_NO_COMMON_BLOCKS = YES;
				GCC_WARN_64_TO_32_BIT_CONVERSION = YES;
				GCC_WARN_ABOUT_RETURN_TYPE = YES_ERROR;
				GCC_WARN_UNDECLARED_SELECTOR = YES;
				GCC_WARN_UNINITIALIZED_AUTOS = YES_AGGRESSIVE;
				GCC_WARN_UNUSED_FUNCTION = YES;
				GCC_WARN_UNUSED_VARIABLE = YES;
				IPHONEOS_DEPLOYMENT_TARGET = 15.5;
				MTL_ENABLE_DEBUG_INFO = NO;
				MTL_FAST_MATH = YES;
				SDKROOT = iphoneos;
				SWIFT_COMPILATION_MODE = wholemodule;
				SWIFT_OPTIMIZATION_LEVEL = "-O";
				VALIDATE_PRODUCT = YES;
			};
			name = Release;
		};
		AD2D7E7428CF6E3B0022CA17 /* Debug */ = {
			isa = XCBuildConfiguration;
			buildSettings = {
				ASSETCATALOG_COMPILER_APPICON_NAME = AppIcon;
				ASSETCATALOG_COMPILER_GLOBAL_ACCENT_COLOR_NAME = AccentColor;
				CODE_SIGN_STYLE = Automatic;
				CURRENT_PROJECT_VERSION = 1;
				DEVELOPMENT_TEAM = 3LNA9DKLNP;
				GENERATE_INFOPLIST_FILE = YES;
				INFOPLIST_FILE = MyFinance/Appearance/Info.plist;
				INFOPLIST_KEY_UIApplicationSupportsIndirectInputEvents = YES;
				INFOPLIST_KEY_UILaunchStoryboardName = LaunchScreen;
				INFOPLIST_KEY_UISupportedInterfaceOrientations_iPad = "UIInterfaceOrientationPortrait UIInterfaceOrientationPortraitUpsideDown UIInterfaceOrientationLandscapeLeft UIInterfaceOrientationLandscapeRight";
				INFOPLIST_KEY_UISupportedInterfaceOrientations_iPhone = "UIInterfaceOrientationPortrait UIInterfaceOrientationLandscapeLeft UIInterfaceOrientationLandscapeRight";
				LD_RUNPATH_SEARCH_PATHS = (
					"$(inherited)",
					"@executable_path/Frameworks",
				);
				MARKETING_VERSION = 1.0;
				PRODUCT_BUNDLE_IDENTIFIER = kolesnikov.MyFinance;
				PRODUCT_NAME = "$(TARGET_NAME)";
				SWIFT_EMIT_LOC_STRINGS = YES;
				SWIFT_VERSION = 5.0;
				TARGETED_DEVICE_FAMILY = 1;
			};
			name = Debug;
		};
		AD2D7E7528CF6E3B0022CA17 /* Release */ = {
			isa = XCBuildConfiguration;
			buildSettings = {
				ASSETCATALOG_COMPILER_APPICON_NAME = AppIcon;
				ASSETCATALOG_COMPILER_GLOBAL_ACCENT_COLOR_NAME = AccentColor;
				CODE_SIGN_STYLE = Automatic;
				CURRENT_PROJECT_VERSION = 1;
				DEVELOPMENT_TEAM = 3LNA9DKLNP;
				GENERATE_INFOPLIST_FILE = YES;
				INFOPLIST_FILE = MyFinance/Appearance/Info.plist;
				INFOPLIST_KEY_UIApplicationSupportsIndirectInputEvents = YES;
				INFOPLIST_KEY_UILaunchStoryboardName = LaunchScreen;
				INFOPLIST_KEY_UISupportedInterfaceOrientations_iPad = "UIInterfaceOrientationPortrait UIInterfaceOrientationPortraitUpsideDown UIInterfaceOrientationLandscapeLeft UIInterfaceOrientationLandscapeRight";
				INFOPLIST_KEY_UISupportedInterfaceOrientations_iPhone = "UIInterfaceOrientationPortrait UIInterfaceOrientationLandscapeLeft UIInterfaceOrientationLandscapeRight";
				LD_RUNPATH_SEARCH_PATHS = (
					"$(inherited)",
					"@executable_path/Frameworks",
				);
				MARKETING_VERSION = 1.0;
				PRODUCT_BUNDLE_IDENTIFIER = kolesnikov.MyFinance;
				PRODUCT_NAME = "$(TARGET_NAME)";
				SWIFT_EMIT_LOC_STRINGS = YES;
				SWIFT_VERSION = 5.0;
				TARGETED_DEVICE_FAMILY = 1;
			};
			name = Release;
		};
/* End XCBuildConfiguration section */

/* Begin XCConfigurationList section */
		AD2D7E5A28CF6E390022CA17 /* Build configuration list for PBXProject "MyFinance" */ = {
			isa = XCConfigurationList;
			buildConfigurations = (
				AD2D7E7128CF6E3B0022CA17 /* Debug */,
				AD2D7E7228CF6E3B0022CA17 /* Release */,
			);
			defaultConfigurationIsVisible = 0;
			defaultConfigurationName = Release;
		};
		AD2D7E7328CF6E3B0022CA17 /* Build configuration list for PBXNativeTarget "MyFinance" */ = {
			isa = XCConfigurationList;
			buildConfigurations = (
				AD2D7E7428CF6E3B0022CA17 /* Debug */,
				AD2D7E7528CF6E3B0022CA17 /* Release */,
			);
			defaultConfigurationIsVisible = 0;
			defaultConfigurationName = Release;
		};
/* End XCConfigurationList section */
	};
	rootObject = AD2D7E5728CF6E390022CA17 /* Project object */;
}
